
Microsoft Visual Studio Solution File, Format Version 12.00
# Visual Studio Version 17
VisualStudioVersion = 17.8.34322.80
MinimumVisualStudioVersion = 10.0.40219.1
Project("{FAE04EC0-301F-11D3-BF4B-00C04F79EFBC}") = "CARRENTAL_PROJECT", "CARRENTAL_PROJECT\CARRENTAL_PROJECT.csproj", "{696CF307-0BC4-4FF5-95C6-DA13CB72ED70}"
EndProject
Global
	GlobalSection(SolutionConfigurationPlatforms) = preSolution
		Debug|Any CPU = Debug|Any CPU
		Release|Any CPU = Release|Any CPU
	EndGlobalSection
	GlobalSection(ProjectConfigurationPlatforms) = postSolution
		{696CF307-0BC4-4FF5-95C6-DA13CB72ED70}.Debug|Any CPU.ActiveCfg = Debug|Any CPU
		{696CF307-0BC4-4FF5-95C6-DA13CB72ED70}.Debug|Any CPU.Build.0 = Debug|Any CPU
		{696CF307-0BC4-4FF5-95C6-DA13CB72ED70}.Release|Any CPU.ActiveCfg = Release|Any CPU
		{696CF307-0BC4-4FF5-95C6-DA13CB72ED70}.Release|Any CPU.Build.0 = Release|Any CPU
	EndGlobalSection
	GlobalSection(SolutionProperties) = preSolution
		HideSolutionNode = FALSE
	EndGlobalSection
	GlobalSection(ExtensibilityGlobals) = postSolution
		SolutionGuid = {BF7506ED-B9E4-4E15-ADEB-55314E432A54}
	EndGlobalSection
EndGlobal
